// !$*UTF8*$!
{
	archiveVersion = 1;
	classes = {
	};
	objectVersion = 56;
	objects = {

/* Begin PBXBuildFile section */
		4F0E1AEC2A4C20C80072D58D /* hikeData.json in Resources */ = {isa = PBXBuildFile; fileRef = 4F0E1AEB2A4C20C80072D58D /* hikeData.json */; };
		4F0E1AEE2A4C20D80072D58D /* Hike.swift in Sources */ = {isa = PBXBuildFile; fileRef = 4F0E1AED2A4C20D80072D58D /* Hike.swift */; };
		4F0E1AF42A4C23E10072D58D /* GraphCapsule.swift in Sources */ = {isa = PBXBuildFile; fileRef = 4F0E1AF02A4C23E10072D58D /* GraphCapsule.swift */; };
		4F0E1AF52A4C23E10072D58D /* HikeGraph.swift in Sources */ = {isa = PBXBuildFile; fileRef = 4F0E1AF12A4C23E10072D58D /* HikeGraph.swift */; };
		4F0E1AF62A4C23E10072D58D /* HikeDetail.swift in Sources */ = {isa = PBXBuildFile; fileRef = 4F0E1AF22A4C23E10072D58D /* HikeDetail.swift */; };
		4F0E1AF72A4C23E10072D58D /* HikeView.swift in Sources */ = {isa = PBXBuildFile; fileRef = 4F0E1AF32A4C23E10072D58D /* HikeView.swift */; };
		4F49207B2A4032B40025C29C /* LandmarksApp.swift in Sources */ = {isa = PBXBuildFile; fileRef = 4F49207A2A4032B40025C29C /* LandmarksApp.swift */; };
		4F49207D2A4032B40025C29C /* ContentView.swift in Sources */ = {isa = PBXBuildFile; fileRef = 4F49207C2A4032B40025C29C /* ContentView.swift */; };
		4F49207F2A4032B50025C29C /* Assets.xcassets in Resources */ = {isa = PBXBuildFile; fileRef = 4F49207E2A4032B50025C29C /* Assets.xcassets */; };
		4F4920822A4032B50025C29C /* Preview Assets.xcassets in Resources */ = {isa = PBXBuildFile; fileRef = 4F4920812A4032B50025C29C /* Preview Assets.xcassets */; };
		4F4920892A403DEC0025C29C /* CircleImage.swift in Sources */ = {isa = PBXBuildFile; fileRef = 4F4920882A403DEC0025C29C /* CircleImage.swift */; };
		4F49208B2A40418E0025C29C /* MapView.swift in Sources */ = {isa = PBXBuildFile; fileRef = 4F49208A2A40418E0025C29C /* MapView.swift */; };
		4F49208D2A4049B30025C29C /* landmarkData.json in Resources */ = {isa = PBXBuildFile; fileRef = 4F49208C2A4049B30025C29C /* landmarkData.json */; };
		4F49208F2A4049D90025C29C /* Landmark.swift in Sources */ = {isa = PBXBuildFile; fileRef = 4F49208E2A4049D90025C29C /* Landmark.swift */; };
		4F4920912A404C0D0025C29C /* DataLoader.swift in Sources */ = {isa = PBXBuildFile; fileRef = 4F4920902A404C0D0025C29C /* DataLoader.swift */; };
		4F4920962A4050800025C29C /* LandmarkRow.swift in Sources */ = {isa = PBXBuildFile; fileRef = 4F4920952A4050800025C29C /* LandmarkRow.swift */; };
		4F4920982A40542B0025C29C /* LandmarkList.swift in Sources */ = {isa = PBXBuildFile; fileRef = 4F4920972A40542B0025C29C /* LandmarkList.swift */; };
		4F49209A2A4055750025C29C /* LandmarkDetail.swift in Sources */ = {isa = PBXBuildFile; fileRef = 4F4920992A4055750025C29C /* LandmarkDetail.swift */; };
		4F49209C2A40607F0025C29C /* FavoriteButton.swift in Sources */ = {isa = PBXBuildFile; fileRef = 4F49209B2A40607F0025C29C /* FavoriteButton.swift */; };
		4FA9FC6F2A498CC60005EEB6 /* HexagonParameters.swift in Sources */ = {isa = PBXBuildFile; fileRef = 4FA9FC6E2A498CC60005EEB6 /* HexagonParameters.swift */; };
		4FA9FC712A4991950005EEB6 /* BadgeBackground.swift in Sources */ = {isa = PBXBuildFile; fileRef = 4FA9FC702A4991950005EEB6 /* BadgeBackground.swift */; };
		4FA9FC732A4999630005EEB6 /* BadgeSymbol.swift in Sources */ = {isa = PBXBuildFile; fileRef = 4FA9FC722A4999630005EEB6 /* BadgeSymbol.swift */; };
		4FA9FC752A4A15550005EEB6 /* RotateBadgeSymbol.swift in Sources */ = {isa = PBXBuildFile; fileRef = 4FA9FC742A4A15550005EEB6 /* RotateBadgeSymbol.swift */; };
		4FA9FC772A4A15B90005EEB6 /* Badge.swift in Sources */ = {isa = PBXBuildFile; fileRef = 4FA9FC762A4A15B90005EEB6 /* Badge.swift */; };
		4FC480762A4EBAFF0038DB9A /* CategoryHome.swift in Sources */ = {isa = PBXBuildFile; fileRef = 4FC480752A4EBAFF0038DB9A /* CategoryHome.swift */; };
/* End PBXBuildFile section */

/* Begin PBXFileReference section */
		4F0E1AEB2A4C20C80072D58D /* hikeData.json */ = {isa = PBXFileReference; fileEncoding = 4; lastKnownFileType = text.json; path = hikeData.json; sourceTree = "<group>"; };
		4F0E1AED2A4C20D80072D58D /* Hike.swift */ = {isa = PBXFileReference; lastKnownFileType = sourcecode.swift; path = Hike.swift; sourceTree = "<group>"; };
		4F0E1AF02A4C23E10072D58D /* GraphCapsule.swift */ = {isa = PBXFileReference; fileEncoding = 4; lastKnownFileType = sourcecode.swift; path = GraphCapsule.swift; sourceTree = "<group>"; };
		4F0E1AF12A4C23E10072D58D /* HikeGraph.swift */ = {isa = PBXFileReference; fileEncoding = 4; lastKnownFileType = sourcecode.swift; path = HikeGraph.swift; sourceTree = "<group>"; };
		4F0E1AF22A4C23E10072D58D /* HikeDetail.swift */ = {isa = PBXFileReference; fileEncoding = 4; lastKnownFileType = sourcecode.swift; path = HikeDetail.swift; sourceTree = "<group>"; };
		4F0E1AF32A4C23E10072D58D /* HikeView.swift */ = {isa = PBXFileReference; fileEncoding = 4; lastKnownFileType = sourcecode.swift; path = HikeView.swift; sourceTree = "<group>"; };
		4F4920772A4032B40025C29C /* Landmarks.app */ = {isa = PBXFileReference; explicitFileType = wrapper.application; includeInIndex = 0; path = Landmarks.app; sourceTree = BUILT_PRODUCTS_DIR; };
		4F49207A2A4032B40025C29C /* LandmarksApp.swift */ = {isa = PBXFileReference; lastKnownFileType = sourcecode.swift; path = LandmarksApp.swift; sourceTree = "<group>"; };
		4F49207C2A4032B40025C29C /* ContentView.swift */ = {isa = PBXFileReference; lastKnownFileType = sourcecode.swift; path = ContentView.swift; sourceTree = "<group>"; };
		4F49207E2A4032B50025C29C /* Assets.xcassets */ = {isa = PBXFileReference; lastKnownFileType = folder.assetcatalog; path = Assets.xcassets; sourceTree = "<group>"; };
		4F4920812A4032B50025C29C /* Preview Assets.xcassets */ = {isa = PBXFileReference; lastKnownFileType = folder.assetcatalog; path = "Preview Assets.xcassets"; sourceTree = "<group>"; };
		4F4920882A403DEC0025C29C /* CircleImage.swift */ = {isa = PBXFileReference; lastKnownFileType = sourcecode.swift; path = CircleImage.swift; sourceTree = "<group>"; };
		4F49208A2A40418E0025C29C /* MapView.swift */ = {isa = PBXFileReference; lastKnownFileType = sourcecode.swift; path = MapView.swift; sourceTree = "<group>"; };
		4F49208C2A4049B30025C29C /* landmarkData.json */ = {isa = PBXFileReference; fileEncoding = 4; lastKnownFileType = text.json; path = landmarkData.json; sourceTree = "<group>"; };
		4F49208E2A4049D90025C29C /* Landmark.swift */ = {isa = PBXFileReference; lastKnownFileType = sourcecode.swift; path = Landmark.swift; sourceTree = "<group>"; };
		4F4920902A404C0D0025C29C /* DataLoader.swift */ = {isa = PBXFileReference; lastKnownFileType = sourcecode.swift; path = DataLoader.swift; sourceTree = "<group>"; };
		4F4920952A4050800025C29C /* LandmarkRow.swift */ = {isa = PBXFileReference; lastKnownFileType = sourcecode.swift; path = LandmarkRow.swift; sourceTree = "<group>"; };
		4F4920972A40542B0025C29C /* LandmarkList.swift */ = {isa = PBXFileReference; lastKnownFileType = sourcecode.swift; path = LandmarkList.swift; sourceTree = "<group>"; };
		4F4920992A4055750025C29C /* LandmarkDetail.swift */ = {isa = PBXFileReference; lastKnownFileType = sourcecode.swift; path = LandmarkDetail.swift; sourceTree = "<group>"; };
		4F49209B2A40607F0025C29C /* FavoriteButton.swift */ = {isa = PBXFileReference; lastKnownFileType = sourcecode.swift; path = FavoriteButton.swift; sourceTree = "<group>"; };
		4FA9FC6E2A498CC60005EEB6 /* HexagonParameters.swift */ = {isa = PBXFileReference; lastKnownFileType = sourcecode.swift; path = HexagonParameters.swift; sourceTree = "<group>"; };
		4FA9FC702A4991950005EEB6 /* BadgeBackground.swift */ = {isa = PBXFileReference; lastKnownFileType = sourcecode.swift; path = BadgeBackground.swift; sourceTree = "<group>"; };
		4FA9FC722A4999630005EEB6 /* BadgeSymbol.swift */ = {isa = PBXFileReference; lastKnownFileType = sourcecode.swift; path = BadgeSymbol.swift; sourceTree = "<group>"; };
		4FA9FC742A4A15550005EEB6 /* RotateBadgeSymbol.swift */ = {isa = PBXFileReference; lastKnownFileType = sourcecode.swift; path = RotateBadgeSymbol.swift; sourceTree = "<group>"; };
		4FA9FC762A4A15B90005EEB6 /* Badge.swift */ = {isa = PBXFileReference; lastKnownFileType = sourcecode.swift; path = Badge.swift; sourceTree = "<group>"; };
		4FC480752A4EBAFF0038DB9A /* CategoryHome.swift */ = {isa = PBXFileReference; lastKnownFileType = sourcecode.swift; path = CategoryHome.swift; sourceTree = "<group>"; };
/* End PBXFileReference section */

/* Begin PBXFrameworksBuildPhase section */
		4F4920742A4032B40025C29C /* Frameworks */ = {
			isa = PBXFrameworksBuildPhase;
			buildActionMask = 2147483647;
			files = (
			);
			runOnlyForDeploymentPostprocessing = 0;
		};
/* End PBXFrameworksBuildPhase section */

/* Begin PBXGroup section */
		4F0E1AEA2A4C1F7B0072D58D /* Badges */ = {
			isa = PBXGroup;
			children = (
				4FA9FC762A4A15B90005EEB6 /* Badge.swift */,
				4FA9FC722A4999630005EEB6 /* BadgeSymbol.swift */,
				4FA9FC742A4A15550005EEB6 /* RotateBadgeSymbol.swift */,
				4FA9FC702A4991950005EEB6 /* BadgeBackground.swift */,
				4FA9FC6E2A498CC60005EEB6 /* HexagonParameters.swift */,
			);
			path = Badges;
			sourceTree = "<group>";
		};
		4F0E1AEF2A4C23E10072D58D /* Hikes */ = {
			isa = PBXGroup;
			children = (
				4F0E1AF02A4C23E10072D58D /* GraphCapsule.swift */,
				4F0E1AF12A4C23E10072D58D /* HikeGraph.swift */,
				4F0E1AF22A4C23E10072D58D /* HikeDetail.swift */,
				4F0E1AF32A4C23E10072D58D /* HikeView.swift */,
			);
			path = Hikes;
			sourceTree = "<group>";
		};
		4F49206E2A4032B40025C29C = {
			isa = PBXGroup;
			children = (
				4F4920792A4032B40025C29C /* Landmarks */,
				4F4920782A4032B40025C29C /* Products */,
			);
			sourceTree = "<group>";
		};
		4F4920782A4032B40025C29C /* Products */ = {
			isa = PBXGroup;
			children = (
				4F4920772A4032B40025C29C /* Landmarks.app */,
			);
			name = Products;
			sourceTree = "<group>";
		};
		4F4920792A4032B40025C29C /* Landmarks */ = {
			isa = PBXGroup;
			children = (
				4F49207A2A4032B40025C29C /* LandmarksApp.swift */,
				4F4920922A404FC60025C29C /* View */,
				4F4920932A404FCF0025C29C /* Model */,
				4F4920942A404FE50025C29C /* Resource */,
				4F49207E2A4032B50025C29C /* Assets.xcassets */,
				4F4920802A4032B50025C29C /* Preview Content */,
			);
			path = Landmarks;
			sourceTree = "<group>";
		};
		4F4920802A4032B50025C29C /* Preview Content */ = {
			isa = PBXGroup;
			children = (
				4F4920812A4032B50025C29C /* Preview Assets.xcassets */,
			);
			path = "Preview Content";
			sourceTree = "<group>";
		};
		4F4920922A404FC60025C29C /* View */ = {
			isa = PBXGroup;
			children = (
				4F49207C2A4032B40025C29C /* ContentView.swift */,
				4FC480742A4EBAE90038DB9A /* Categories */,
				4F0E1AEF2A4C23E10072D58D /* Hikes */,
				4F0E1AEA2A4C1F7B0072D58D /* Badges */,
				4F49209D2A4061030025C29C /* Landmarks */,
				4F49209E2A40610F0025C29C /* Helpers */,
			);
			path = View;
			sourceTree = "<group>";
		};
		4F4920932A404FCF0025C29C /* Model */ = {
			isa = PBXGroup;
			children = (
				4F49208E2A4049D90025C29C /* Landmark.swift */,
				4F4920902A404C0D0025C29C /* DataLoader.swift */,
				4F0E1AED2A4C20D80072D58D /* Hike.swift */,
			);
			path = Model;
			sourceTree = "<group>";
		};
		4F4920942A404FE50025C29C /* Resource */ = {
			isa = PBXGroup;
			children = (
				4F0E1AEB2A4C20C80072D58D /* hikeData.json */,
				4F49208C2A4049B30025C29C /* landmarkData.json */,
			);
			path = Resource;
			sourceTree = "<group>";
		};
		4F49209D2A4061030025C29C /* Landmarks */ = {
			isa = PBXGroup;
			children = (
				4F4920952A4050800025C29C /* LandmarkRow.swift */,
				4F4920972A40542B0025C29C /* LandmarkList.swift */,
				4F4920992A4055750025C29C /* LandmarkDetail.swift */,
			);
			path = Landmarks;
			sourceTree = "<group>";
		};
		4F49209E2A40610F0025C29C /* Helpers */ = {
			isa = PBXGroup;
			children = (
				4F4920882A403DEC0025C29C /* CircleImage.swift */,
				4F49208A2A40418E0025C29C /* MapView.swift */,
				4F49209B2A40607F0025C29C /* FavoriteButton.swift */,
			);
			path = Helpers;
			sourceTree = "<group>";
		};
		4FC480742A4EBAE90038DB9A /* Categories */ = {
			isa = PBXGroup;
			children = (
				4FC480752A4EBAFF0038DB9A /* CategoryHome.swift */,
			);
			path = Categories;
			sourceTree = "<group>";
		};
/* End PBXGroup section */

/* Begin PBXNativeTarget section */
		4F4920762A4032B40025C29C /* Landmarks */ = {
			isa = PBXNativeTarget;
			buildConfigurationList = 4F4920852A4032B50025C29C /* Build configuration list for PBXNativeTarget "Landmarks" */;
			buildPhases = (
				4F4920732A4032B40025C29C /* Sources */,
				4F4920742A4032B40025C29C /* Frameworks */,
				4F4920752A4032B40025C29C /* Resources */,
			);
			buildRules = (
			);
			dependencies = (
			);
			name = Landmarks;
			productName = Landmarks;
			productReference = 4F4920772A4032B40025C29C /* Landmarks.app */;
			productType = "com.apple.product-type.application";
		};
/* End PBXNativeTarget section */

/* Begin PBXProject section */
		4F49206F2A4032B40025C29C /* Project object */ = {
			isa = PBXProject;
			attributes = {
				BuildIndependentTargetsInParallel = 1;
				LastSwiftUpdateCheck = 1430;
				LastUpgradeCheck = 1430;
				TargetAttributes = {
					4F4920762A4032B40025C29C = {
						CreatedOnToolsVersion = 14.3.1;
					};
				};
			};
			buildConfigurationList = 4F4920722A4032B40025C29C /* Build configuration list for PBXProject "Landmarks" */;
			compatibilityVersion = "Xcode 14.0";
			developmentRegion = en;
			hasScannedForEncodings = 0;
			knownRegions = (
				en,
				Base,
			);
			mainGroup = 4F49206E2A4032B40025C29C;
			productRefGroup = 4F4920782A4032B40025C29C /* Products */;
			projectDirPath = "";
			projectRoot = "";
			targets = (
				4F4920762A4032B40025C29C /* Landmarks */,
			);
		};
/* End PBXProject section */

/* Begin PBXResourcesBuildPhase section */
		4F4920752A4032B40025C29C /* Resources */ = {
			isa = PBXResourcesBuildPhase;
			buildActionMask = 2147483647;
			files = (
				4F0E1AEC2A4C20C80072D58D /* hikeData.json in Resources */,
				4F4920822A4032B50025C29C /* Preview Assets.xcassets in Resources */,
				4F49207F2A4032B50025C29C /* Assets.xcassets in Resources */,
				4F49208D2A4049B30025C29C /* landmarkData.json in Resources */,
			);
			runOnlyForDeploymentPostprocessing = 0;
		};
/* End PBXResourcesBuildPhase section */

/* Begin PBXSourcesBuildPhase section */
		4F4920732A4032B40025C29C /* Sources */ = {
			isa = PBXSourcesBuildPhase;
			buildActionMask = 2147483647;
			files = (
				4F49207D2A4032B40025C29C /* ContentView.swift in Sources */,
				4FC480762A4EBAFF0038DB9A /* CategoryHome.swift in Sources */,
				4F0E1AF52A4C23E10072D58D /* HikeGraph.swift in Sources */,
				4FA9FC772A4A15B90005EEB6 /* Badge.swift in Sources */,
				4F49208B2A40418E0025C29C /* MapView.swift in Sources */,
				4F0E1AF42A4C23E10072D58D /* GraphCapsule.swift in Sources */,
				4FA9FC752A4A15550005EEB6 /* RotateBadgeSymbol.swift in Sources */,
				4F4920912A404C0D0025C29C /* DataLoader.swift in Sources */,
				4F0E1AF62A4C23E10072D58D /* HikeDetail.swift in Sources */,
				4F49209C2A40607F0025C29C /* FavoriteButton.swift in Sources */,
				4F0E1AEE2A4C20D80072D58D /* Hike.swift in Sources */,
				4FA9FC6F2A498CC60005EEB6 /* HexagonParameters.swift in Sources */,
				4FA9FC732A4999630005EEB6 /* BadgeSymbol.swift in Sources */,
				4F4920982A40542B0025C29C /* LandmarkList.swift in Sources */,
				4F0E1AF72A4C23E10072D58D /* HikeView.swift in Sources */,
				4F49209A2A4055750025C29C /* LandmarkDetail.swift in Sources */,
				4FA9FC712A4991950005EEB6 /* BadgeBackground.swift in Sources */,
				4F49207B2A4032B40025C29C /* LandmarksApp.swift in Sources */,
				4F4920892A403DEC0025C29C /* CircleImage.swift in Sources */,
				4F4920962A4050800025C29C /* LandmarkRow.swift in Sources */,
				4F49208F2A4049D90025C29C /* Landmark.swift in Sources */,
			);
			runOnlyForDeploymentPostprocessing = 0;
		};
/* End PBXSourcesBuildPhase section */

/* Begin XCBuildConfiguration section */
		4F4920832A4032B50025C29C /* Debug */ = {
			isa = XCBuildConfiguration;
			buildSettings = {
				ALWAYS_SEARCH_USER_PATHS = NO;
				CLANG_ANALYZER_NONNULL = YES;
				CLANG_ANALYZER_NUMBER_OBJECT_CONVERSION = YES_AGGRESSIVE;
				CLANG_CXX_LANGUAGE_STANDARD = "gnu++20";
				CLANG_ENABLE_MODULES = YES;
				CLANG_ENABLE_OBJC_ARC = YES;
				CLANG_ENABLE_OBJC_WEAK = YES;
				CLANG_WARN_BLOCK_CAPTURE_AUTORELEASING = YES;
				CLANG_WARN_BOOL_CONVERSION = YES;
				CLANG_WARN_COMMA = YES;
				CLANG_WARN_CONSTANT_CONVERSION = YES;
				CLANG_WARN_DEPRECATED_OBJC_IMPLEMENTATIONS = YES;
				CLANG_WARN_DIRECT_OBJC_ISA_USAGE = YES_ERROR;
				CLANG_WARN_DOCUMENTATION_COMMENTS = YES;
				CLANG_WARN_EMPTY_BODY = YES;
				CLANG_WARN_ENUM_CONVERSION = YES;
				CLANG_WARN_INFINITE_RECURSION = YES;
				CLANG_WARN_INT_CONVERSION = YES;
				CLANG_WARN_NON_LITERAL_NULL_CONVERSION = YES;
				CLANG_WARN_OBJC_IMPLICIT_RETAIN_SELF = YES;
				CLANG_WARN_OBJC_LITERAL_CONVERSION = YES;
				CLANG_WARN_OBJC_ROOT_CLASS = YES_ERROR;
				CLANG_WARN_QUOTED_INCLUDE_IN_FRAMEWORK_HEADER = YES;
				CLANG_WARN_RANGE_LOOP_ANALYSIS = YES;
				CLANG_WARN_STRICT_PROTOTYPES = YES;
				CLANG_WARN_SUSPICIOUS_MOVE = YES;
				CLANG_WARN_UNGUARDED_AVAILABILITY = YES_AGGRESSIVE;
				CLANG_WARN_UNREACHABLE_CODE = YES;
				CLANG_WARN__DUPLICATE_METHOD_MATCH = YES;
				COPY_PHASE_STRIP = NO;
				DEBUG_INFORMATION_FORMAT = dwarf;
				ENABLE_STRICT_OBJC_MSGSEND = YES;
				ENABLE_TESTABILITY = YES;
				GCC_C_LANGUAGE_STANDARD = gnu11;
				GCC_DYNAMIC_NO_PIC = NO;
				GCC_NO_COMMON_BLOCKS = YES;
				GCC_OPTIMIZATION_LEVEL = 0;
				GCC_PREPROCESSOR_DEFINITIONS = (
					"DEBUG=1",
					"$(inherited)",
				);
				GCC_WARN_64_TO_32_BIT_CONVERSION = YES;
				GCC_WARN_ABOUT_RETURN_TYPE = YES_ERROR;
				GCC_WARN_UNDECLARED_SELECTOR = YES;
				GCC_WARN_UNINITIALIZED_AUTOS = YES_AGGRESSIVE;
				GCC_WARN_UNUSED_FUNCTION = YES;
				GCC_WARN_UNUSED_VARIABLE = YES;
				IPHONEOS_DEPLOYMENT_TARGET = 16.4;
				MTL_ENABLE_DEBUG_INFO = INCLUDE_SOURCE;
				MTL_FAST_MATH = YES;
				ONLY_ACTIVE_ARCH = YES;
				SDKROOT = iphoneos;
				SWIFT_ACTIVE_COMPILATION_CONDITIONS = DEBUG;
				SWIFT_OPTIMIZATION_LEVEL = "-Onone";
			};
			name = Debug;
		};
		4F4920842A4032B50025C29C /* Release */ = {
			isa = XCBuildConfiguration;
			buildSettings = {
				ALWAYS_SEARCH_USER_PATHS = NO;
				CLANG_ANALYZER_NONNULL = YES;
				CLANG_ANALYZER_NUMBER_OBJECT_CONVERSION = YES_AGGRESSIVE;
				CLANG_CXX_LANGUAGE_STANDARD = "gnu++20";
				CLANG_ENABLE_MODULES = YES;
				CLANG_ENABLE_OBJC_ARC = YES;
				CLANG_ENABLE_OBJC_WEAK = YES;
				CLANG_WARN_BLOCK_CAPTURE_AUTORELEASING = YES;
				CLANG_WARN_BOOL_CONVERSION = YES;
				CLANG_WARN_COMMA = YES;
				CLANG_WARN_CONSTANT_CONVERSION = YES;
				CLANG_WARN_DEPRECATED_OBJC_IMPLEMENTATIONS = YES;
				CLANG_WARN_DIRECT_OBJC_ISA_USAGE = YES_ERROR;
				CLANG_WARN_DOCUMENTATION_COMMENTS = YES;
				CLANG_WARN_EMPTY_BODY = YES;
				CLANG_WARN_ENUM_CONVERSION = YES;
				CLANG_WARN_INFINITE_RECURSION = YES;
				CLANG_WARN_INT_CONVERSION = YES;
				CLANG_WARN_NON_LITERAL_NULL_CONVERSION = YES;
				CLANG_WARN_OBJC_IMPLICIT_RETAIN_SELF = YES;
				CLANG_WARN_OBJC_LITERAL_CONVERSION = YES;
				CLANG_WARN_OBJC_ROOT_CLASS = YES_ERROR;
				CLANG_WARN_QUOTED_INCLUDE_IN_FRAMEWORK_HEADER = YES;
				CLANG_WARN_RANGE_LOOP_ANALYSIS = YES;
				CLANG_WARN_STRICT_PROTOTYPES = YES;
				CLANG_WARN_SUSPICIOUS_MOVE = YES;
				CLANG_WARN_UNGUARDED_AVAILABILITY = YES_AGGRESSIVE;
				CLANG_WARN_UNREACHABLE_CODE = YES;
				CLANG_WARN__DUPLICATE_METHOD_MATCH = YES;
				COPY_PHASE_STRIP = NO;
				DEBUG_INFORMATION_FORMAT = "dwarf-with-dsym";
				ENABLE_NS_ASSERTIONS = NO;
				ENABLE_STRICT_OBJC_MSGSEND = YES;
				GCC_C_LANGUAGE_STANDARD = gnu11;
				GCC_NO_COMMON_BLOCKS = YES;
				GCC_WARN_64_TO_32_BIT_CONVERSION = YES;
				GCC_WARN_ABOUT_RETURN_TYPE = YES_ERROR;
				GCC_WARN_UNDECLARED_SELECTOR = YES;
				GCC_WARN_UNINITIALIZED_AUTOS = YES_AGGRESSIVE;
				GCC_WARN_UNUSED_FUNCTION = YES;
				GCC_WARN_UNUSED_VARIABLE = YES;
				IPHONEOS_DEPLOYMENT_TARGET = 16.4;
				MTL_ENABLE_DEBUG_INFO = NO;
				MTL_FAST_MATH = YES;
				SDKROOT = iphoneos;
				SWIFT_COMPILATION_MODE = wholemodule;
				SWIFT_OPTIMIZATION_LEVEL = "-O";
				VALIDATE_PRODUCT = YES;
			};
			name = Release;
		};
		4F4920862A4032B50025C29C /* Debug */ = {
			isa = XCBuildConfiguration;
			buildSettings = {
				ASSETCATALOG_COMPILER_APPICON_NAME = AppIcon;
				ASSETCATALOG_COMPILER_GLOBAL_ACCENT_COLOR_NAME = AccentColor;
				CODE_SIGN_STYLE = Automatic;
				CURRENT_PROJECT_VERSION = 1;
				DEVELOPMENT_ASSET_PATHS = "\"Landmarks/Preview Content\"";
				DEVELOPMENT_TEAM = H5UNW2D34P;
				ENABLE_PREVIEWS = YES;
				GENERATE_INFOPLIST_FILE = YES;
				INFOPLIST_KEY_UIApplicationSceneManifest_Generation = YES;
				INFOPLIST_KEY_UIApplicationSupportsIndirectInputEvents = YES;
				INFOPLIST_KEY_UILaunchScreen_Generation = YES;
				INFOPLIST_KEY_UISupportedInterfaceOrientations_iPad = "UIInterfaceOrientationPortrait UIInterfaceOrientationPortraitUpsideDown UIInterfaceOrientationLandscapeLeft UIInterfaceOrientationLandscapeRight";
				INFOPLIST_KEY_UISupportedInterfaceOrientations_iPhone = "UIInterfaceOrientationPortrait UIInterfaceOrientationLandscapeLeft UIInterfaceOrientationLandscapeRight";
				LD_RUNPATH_SEARCH_PATHS = (
					"$(inherited)",
					"@executable_path/Frameworks",
				);
				MARKETING_VERSION = 1.0;
				PRODUCT_BUNDLE_IDENTIFIER = com.oldstar.Landmarks;
				PRODUCT_NAME = "$(TARGET_NAME)";
				SWIFT_EMIT_LOC_STRINGS = YES;
				SWIFT_VERSION = 5.0;
				TARGETED_DEVICE_FAMILY = "1,2";
			};
			name = Debug;
		};
		4F4920872A4032B50025C29C /* Release */ = {
			isa = XCBuildConfiguration;
			buildSettings = {
				ASSETCATALOG_COMPILER_APPICON_NAME = AppIcon;
				ASSETCATALOG_COMPILER_GLOBAL_ACCENT_COLOR_NAME = AccentColor;
				CODE_SIGN_STYLE = Automatic;
				CURRENT_PROJECT_VERSION = 1;
				DEVELOPMENT_ASSET_PATHS = "\"Landmarks/Preview Content\"";
				DEVELOPMENT_TEAM = H5UNW2D34P;
				ENABLE_PREVIEWS = YES;
				GENERATE_INFOPLIST_FILE = YES;
				INFOPLIST_KEY_UIApplicationSceneManifest_Generation = YES;
				INFOPLIST_KEY_UIApplicationSupportsIndirectInputEvents = YES;
				INFOPLIST_KEY_UILaunchScreen_Generation = YES;
				INFOPLIST_KEY_UISupportedInterfaceOrientations_iPad = "UIInterfaceOrientationPortrait UIInterfaceOrientationPortraitUpsideDown UIInterfaceOrientationLandscapeLeft UIInterfaceOrientationLandscapeRight";
				INFOPLIST_KEY_UISupportedInterfaceOrientations_iPhone = "UIInterfaceOrientationPortrait UIInterfaceOrientationLandscapeLeft UIInterfaceOrientationLandscapeRight";
				LD_RUNPATH_SEARCH_PATHS = (
					"$(inherited)",
					"@executable_path/Frameworks",
				);
				MARKETING_VERSION = 1.0;
				PRODUCT_BUNDLE_IDENTIFIER = com.oldstar.Landmarks;
				PRODUCT_NAME = "$(TARGET_NAME)";
				SWIFT_EMIT_LOC_STRINGS = YES;
				SWIFT_VERSION = 5.0;
				TARGETED_DEVICE_FAMILY = "1,2";
			};
			name = Release;
		};
/* End XCBuildConfiguration section */

/* Begin XCConfigurationList section */
		4F4920722A4032B40025C29C /* Build configuration list for PBXProject "Landmarks" */ = {
			isa = XCConfigurationList;
			buildConfigurations = (
				4F4920832A4032B50025C29C /* Debug */,
				4F4920842A4032B50025C29C /* Release */,
			);
			defaultConfigurationIsVisible = 0;
			defaultConfigurationName = Release;
		};
		4F4920852A4032B50025C29C /* Build configuration list for PBXNativeTarget "Landmarks" */ = {
			isa = XCConfigurationList;
			buildConfigurations = (
				4F4920862A4032B50025C29C /* Debug */,
				4F4920872A4032B50025C29C /* Release */,
			);
			defaultConfigurationIsVisible = 0;
			defaultConfigurationName = Release;
		};
/* End XCConfigurationList section */
	};
	rootObject = 4F49206F2A4032B40025C29C /* Project object */;
}
